
Microsoft Visual Studio Solution File, Format Version 11.00
# Visual Studio 2010
Project("{2150E333-8FDC-42A3-9474-1A3956D46DE8}") = "Pawn", "Pawn", "{79CFA5D2-8FFD-4823-8661-1EB07442DD9F}"
EndProject
Project("{2150E333-8FDC-42A3-9474-1A3956D46DE8}") = "Common", "Common", "{A36B1556-7628-4CE1-9D66-790C29E1D373}"
EndProject
Project("{2150E333-8FDC-42A3-9474-1A3956D46DE8}") = "Audit", "Audit", "{31E0D829-65E5-4BE2-AE56-6B0EFFA04CDB}"
EndProject
Project("{2150E333-8FDC-42A3-9474-1A3956D46DE8}") = "AuditQueries", "AuditQueries", "{240B23E7-5E4F-4218-AA2B-E48425A1B560}"
EndProject
Project("{2150E333-8FDC-42A3-9474-1A3956D46DE8}") = "Support", "Support", "{9925B38E-06DE-4417-A6BB-1FEA70C261EB}"
EndProject
Project("{2150E333-8FDC-42A3-9474-1A3956D46DE8}") = "Tools", "Tools", "{8A7AB3B1-58EB-442E-8116-CB90A5E0721A}"
EndProject
Project("{FAE04EC0-301F-11D3-BF4B-00C04F79EFBC}") = "Common", "Common\Common.csproj", "{FE916264-3E31-433B-B458-048342150DFE}"
EndProject
Project("{FAE04EC0-301F-11D3-BF4B-00C04F79EFBC}") = "AuditQueries", "AuditQueries\AuditQueries.csproj", "{0AEC5C54-32AA-464D-BE24-7FF7D8A5250A}"
	ProjectSection(ProjectDependencies) = postProject
		{FE916264-3E31-433B-B458-048342150DFE} = {FE916264-3E31-433B-B458-048342150DFE}
	EndProjectSection
EndProject
Project("{FAE04EC0-301F-11D3-BF4B-00C04F79EFBC}") = "Support", "Support\Support.csproj", "{23AA8040-BE4B-41F8-927F-D3832F8E02D2}"
	ProjectSection(ProjectDependencies) = postProject
		{FE916264-3E31-433B-B458-048342150DFE} = {FE916264-3E31-433B-B458-048342150DFE}
	EndProjectSection
EndProject
Project("{FAE04EC0-301F-11D3-BF4B-00C04F79EFBC}") = "Pawn", "Pawn\Pawn.csproj", "{7A7A8F27-FCCC-46C5-A1BF-AE77624199AC}"
	ProjectSection(ProjectDependencies) = postProject
		{76730532-DBCE-4000-BA96-657E001D41BD} = {76730532-DBCE-4000-BA96-657E001D41BD}
		{FE916264-3E31-433B-B458-048342150DFE} = {FE916264-3E31-433B-B458-048342150DFE}
	EndProjectSection
EndProject
Project("{FAE04EC0-301F-11D3-BF4B-00C04F79EFBC}") = "Audit", "Audit\Audit.csproj", "{8B124972-BD88-4366-9E87-49B487EEC65E}"
EndProject
Project("{FAE04EC0-301F-11D3-BF4B-00C04F79EFBC}") = "CashlinxDesktopLoadTester", "Tools\CashlinxDesktopLoadTester\CashlinxDesktopLoadTester.csproj", "{46E5DD5B-8F18-494E-8371-51D389AB0B5E}"
EndProject
Project("{FAE04EC0-301F-11D3-BF4B-00C04F79EFBC}") = "CouchConnectorApp", "Tools\CouchConnectorApp\CouchConnectorApp.csproj", "{D2F5D618-A5DE-443C-88E4-12AC12ADA3F9}"
EndProject
Project("{FAE04EC0-301F-11D3-BF4B-00C04F79EFBC}") = "EncryptionMaster", "Tools\EncryptionMaster\EncryptionMaster.csproj", "{CA7E7C36-CC24-4EC6-943F-4FA1EF3F3DB6}"
	ProjectSection(ProjectDependencies) = postProject
		{FE916264-3E31-433B-B458-048342150DFE} = {FE916264-3E31-433B-B458-048342150DFE}
	EndProjectSection
EndProject
Project("{FAE04EC0-301F-11D3-BF4B-00C04F79EFBC}") = "PawnRulesEditor", "Tools\PawnRulesEditor\PawnRulesEditor.csproj", "{59226035-1D22-41D8-8748-AD008239A4E9}"
EndProject
Project("{FAE04EC0-301F-11D3-BF4B-00C04F79EFBC}") = "PawnStoreSetupTool", "Tools\PawnStoreSetupTool\PawnStoreSetupTool.csproj", "{1BD2F8A6-5D8D-4446-8265-D1260ED0913D}"
	ProjectSection(ProjectDependencies) = postProject
		{FE916264-3E31-433B-B458-048342150DFE} = {FE916264-3E31-433B-B458-048342150DFE}
	EndProjectSection
EndProject
Project("{2150E333-8FDC-42A3-9474-1A3956D46DE8}") = "Reports", "Reports", "{A9661852-4FEA-4444-BDDF-30BB6915BD2A}"
EndProject
Project("{FAE04EC0-301F-11D3-BF4B-00C04F79EFBC}") = "Reports", "Reports\Reports.csproj", "{76730532-DBCE-4000-BA96-657E001D41BD}"
EndProject
Project("{2150E333-8FDC-42A3-9474-1A3956D46DE8}") = "Build", "Build", "{41542C68-66DD-4339-B5DB-D379AC5D9168}"
	ProjectSection(SolutionItems) = preProject
		..\Build\build-files\Audit.build = ..\Build\build-files\Audit.build
		..\Build\build-files\AuditQueries.build = ..\Build\build-files\AuditQueries.build
		Cashlinx.build = Cashlinx.build
		..\Build\build-files\Common.build = ..\Build\build-files\Common.build
		..\Build\build-files\DSTRViewer.build = ..\Build\build-files\DSTRViewer.build
		..\Build\build-files\Pawn.build = ..\Build\build-files\Pawn.build
		..\Build\build-files\Support.build = ..\Build\build-files\Support.build
	EndProjectSection
EndProject
Project("{FAE04EC0-301F-11D3-BF4B-00C04F79EFBC}") = "ChangeStoreNumber", "Tools\ChangeStoreNumber\ChangeStoreNumber.csproj", "{0608E0BE-97A0-4F3E-8CB4-0924100EB427}"
EndProject
Project("{FAE04EC0-301F-11D3-BF4B-00C04F79EFBC}") = "PawnRulesManagerWPF", "Tools\PawnRulesManagerWPF\PawnRulesManagerWPF.csproj", "{F31CE404-6FA0-4A8D-9A3B-C391B26FDE1E}"
EndProject
Project("{FAE04EC0-301F-11D3-BF4B-00C04F79EFBC}") = "PawnTests", "PawnTests\PawnTests.csproj", "{E301AB6A-D420-4C0E-A171-674B2ABAC738}"
EndProject
Project("{FAE04EC0-301F-11D3-BF4B-00C04F79EFBC}") = "CommonTests", "CommonTests\CommonTests.csproj", "{76E78EB1-94A0-4580-BAB3-F6125A074B1C}"
EndProject
Project("{FAE04EC0-301F-11D3-BF4B-00C04F79EFBC}") = "DSTRViewer", "Tools\DSTRViewer\DSTRViewer.csproj", "{FDBA7976-0D65-4314-8DD1-7EB3BED142F8}"
EndProject
Global
	GlobalSection(SourceCodeControl) = preSolution
		SccNumberOfProjects = 17
		SccLocalPath0 = .
		SccProjectUniqueName1 = Tools\\CashlinxDesktopLoadTester\\CashlinxDesktopLoadTester.csproj
		SccProjectTopLevelParentUniqueName1 = Cashlinx.sln
		SccLocalPath1 = Tools
		SccProjectFilePathRelativizedFromConnection1 = CashlinxDesktopLoadTester\\
		SccProjectUniqueName2 = Tools\\PawnStoreSetupTool\\PawnStoreSetupTool.csproj
		SccProjectTopLevelParentUniqueName2 = Cashlinx.sln
		SccLocalPath2 = Tools
		SccProjectFilePathRelativizedFromConnection2 = PawnStoreSetupTool\\
		SccProjectUniqueName3 = Common\\Common.csproj
		SccProjectTopLevelParentUniqueName3 = Cashlinx.sln
		SccLocalPath3 = Common
		SccProjectUniqueName4 = Reports\\Reports.csproj
		SccProjectTopLevelParentUniqueName4 = Cashlinx.sln
		SccLocalPath4 = Reports
		SccProjectUniqueName5 = Pawn\\Pawn.csproj
		SccProjectTopLevelParentUniqueName5 = Cashlinx.sln
		SccLocalPath5 = Pawn
		SccProjectUniqueName6 = AuditQueries\\AuditQueries.csproj
		SccProjectTopLevelParentUniqueName6 = Cashlinx.sln
		SccLocalPath6 = AuditQueries
		SccProjectUniqueName7 = Support\\Support.csproj
		SccProjectTopLevelParentUniqueName7 = Cashlinx.sln
		SccLocalPath7 = Support
		SccProjectUniqueName8 = Tools\\CouchConnectorApp\\CouchConnectorApp.csproj
		SccProjectTopLevelParentUniqueName8 = Cashlinx.sln
		SccLocalPath8 = Tools\\CouchConnectorApp
		SccProjectUniqueName9 = Tools\\EncryptionMaster\\EncryptionMaster.csproj
		SccProjectTopLevelParentUniqueName9 = Cashlinx.sln
		SccLocalPath9 = Tools\\EncryptionMaster
		SccProjectUniqueName10 = Tools\\PawnRulesEditor\\PawnRulesEditor.csproj
		SccProjectTopLevelParentUniqueName10 = Cashlinx.sln
		SccLocalPath10 = Tools\\PawnRulesEditor
		SccProjectUniqueName11 = Audit\\Audit.csproj
		SccProjectTopLevelParentUniqueName11 = Cashlinx.sln
		SccLocalPath11 = Audit
		SccProjectUniqueName12 = Tools\\ChangeStoreNumber\\ChangeStoreNumber.csproj
		SccProjectTopLevelParentUniqueName12 = Cashlinx.sln
		SccLocalPath12 = Tools\\ChangeStoreNumber
		SccProjectUniqueName13 = Tools\\PawnRulesManagerWPF\\PawnRulesManagerWPF.csproj
		SccProjectTopLevelParentUniqueName13 = Cashlinx.sln
		SccLocalPath13 = Tools\\PawnRulesManagerWPF
		SccProjectUniqueName14 = CommonTests\\CommonTests.csproj
		SccProjectTopLevelParentUniqueName14 = Cashlinx.sln
		SccLocalPath14 = .
		SccProjectFilePathRelativizedFromConnection14 = CommonTests\\
		SccProjectUniqueName15 = PawnTests\\PawnTests.csproj
		SccProjectTopLevelParentUniqueName15 = Cashlinx.sln
		SccLocalPath15 = .
		SccProjectFilePathRelativizedFromConnection15 = PawnTests\\
		SccProjectUniqueName16 = Tools\\DSTRViewer\\DSTRViewer.csproj
		SccProjectTopLevelParentUniqueName16 = Cashlinx.sln
		SccLocalPath16 = .
		SccProjectFilePathRelativizedFromConnection16 = Tools\\DSTRViewer\\
	EndGlobalSection
	GlobalSection(SolutionConfigurationPlatforms) = preSolution
		Common - Debug|Any CPU = Common - Debug|Any CPU
		Common - Debug|Mixed Platforms = Common - Debug|Mixed Platforms
		Common - Debug|x64 = Common - Debug|x64
		Common - Debug|x86 = Common - Debug|x86
		Common - Release|Any CPU = Common - Release|Any CPU
		Common - Release|Mixed Platforms = Common - Release|Mixed Platforms
		Common - Release|x64 = Common - Release|x64
		Common - Release|x86 = Common - Release|x86
		CommonDebug|Any CPU = CommonDebug|Any CPU
		CommonDebug|Mixed Platforms = CommonDebug|Mixed Platforms
		CommonDebug|x64 = CommonDebug|x64
		CommonDebug|x86 = CommonDebug|x86
		CommonRelease|Any CPU = CommonRelease|Any CPU
		CommonRelease|Mixed Platforms = CommonRelease|Mixed Platforms
		CommonRelease|x64 = CommonRelease|x64
		CommonRelease|x86 = CommonRelease|x86
		Debug|Any CPU = Debug|Any CPU
		Debug|Mixed Platforms = Debug|Mixed Platforms
		Debug|x64 = Debug|x64
		Debug|x86 = Debug|x86
		Release|Any CPU = Release|Any CPU
		Release|Mixed Platforms = Release|Mixed Platforms
		Release|x64 = Release|x64
		Release|x86 = Release|x86
	EndGlobalSection
	GlobalSection(ProjectConfigurationPlatforms) = postSolution
		{FE916264-3E31-433B-B458-048342150DFE}.Common - Debug|Any CPU.ActiveCfg = Common - Debug|x86
		{FE916264-3E31-433B-B458-048342150DFE}.Common - Debug|Mixed Platforms.ActiveCfg = Common - Debug|x86
		{FE916264-3E31-433B-B458-048342150DFE}.Common - Debug|Mixed Platforms.Build.0 = Common - Debug|x86
		{FE916264-3E31-433B-B458-048342150DFE}.Common - Debug|x64.ActiveCfg = Common - Debug|x86
		{FE916264-3E31-433B-B458-048342150DFE}.Common - Debug|x86.ActiveCfg = Common - Debug|x86
		{FE916264-3E31-433B-B458-048342150DFE}.Common - Debug|x86.Build.0 = Common - Debug|x86
		{FE916264-3E31-433B-B458-048342150DFE}.Common - Release|Any CPU.ActiveCfg = Common - Release|x86
		{FE916264-3E31-433B-B458-048342150DFE}.Common - Release|Mixed Platforms.ActiveCfg = Common - Release|x86
		{FE916264-3E31-433B-B458-048342150DFE}.Common - Release|Mixed Platforms.Build.0 = Common - Release|x86
		{FE916264-3E31-433B-B458-048342150DFE}.Common - Release|x64.ActiveCfg = Common - Release|x86
		{FE916264-3E31-433B-B458-048342150DFE}.Common - Release|x86.ActiveCfg = Common - Release|x86
		{FE916264-3E31-433B-B458-048342150DFE}.Common - Release|x86.Build.0 = Common - Release|x86
		{FE916264-3E31-433B-B458-048342150DFE}.CommonDebug|Any CPU.ActiveCfg = Common - Release|x86
		{FE916264-3E31-433B-B458-048342150DFE}.CommonDebug|Mixed Platforms.ActiveCfg = Common - Release|x86
		{FE916264-3E31-433B-B458-048342150DFE}.CommonDebug|Mixed Platforms.Build.0 = Common - Release|x86
		{FE916264-3E31-433B-B458-048342150DFE}.CommonDebug|x64.ActiveCfg = Common - Release|x86
		{FE916264-3E31-433B-B458-048342150DFE}.CommonDebug|x86.ActiveCfg = Common - Debug|x86
		{FE916264-3E31-433B-B458-048342150DFE}.CommonDebug|x86.Build.0 = Common - Debug|x86
		{FE916264-3E31-433B-B458-048342150DFE}.CommonRelease|Any CPU.ActiveCfg = Release|x86
		{FE916264-3E31-433B-B458-048342150DFE}.CommonRelease|Mixed Platforms.ActiveCfg = Release|x86
		{FE916264-3E31-433B-B458-048342150DFE}.CommonRelease|Mixed Platforms.Build.0 = Release|x86
		{FE916264-3E31-433B-B458-048342150DFE}.CommonRelease|x64.ActiveCfg = Release|x86
		{FE916264-3E31-433B-B458-048342150DFE}.CommonRelease|x86.ActiveCfg = Common - Release|x86
		{FE916264-3E31-433B-B458-048342150DFE}.CommonRelease|x86.Build.0 = Common - Release|x86
		{FE916264-3E31-433B-B458-048342150DFE}.Debug|Any CPU.ActiveCfg = Debug|x86
		{FE916264-3E31-433B-B458-048342150DFE}.Debug|Mixed Platforms.ActiveCfg = Debug|x86
		{FE916264-3E31-433B-B458-048342150DFE}.Debug|Mixed Platforms.Build.0 = Debug|x86
		{FE916264-3E31-433B-B458-048342150DFE}.Debug|x64.ActiveCfg = Debug|x86
		{FE916264-3E31-433B-B458-048342150DFE}.Debug|x86.ActiveCfg = Debug|x86
		{FE916264-3E31-433B-B458-048342150DFE}.Debug|x86.Build.0 = Debug|x86
		{FE916264-3E31-433B-B458-048342150DFE}.Release|Any CPU.ActiveCfg = Release|x86
		{FE916264-3E31-433B-B458-048342150DFE}.Release|Mixed Platforms.ActiveCfg = Release|x86
		{FE916264-3E31-433B-B458-048342150DFE}.Release|Mixed Platforms.Build.0 = Release|x86
		{FE916264-3E31-433B-B458-048342150DFE}.Release|x64.ActiveCfg = Release|x86
		{FE916264-3E31-433B-B458-048342150DFE}.Release|x86.ActiveCfg = Release|x86
		{FE916264-3E31-433B-B458-048342150DFE}.Release|x86.Build.0 = Release|x86
		{0AEC5C54-32AA-464D-BE24-7FF7D8A5250A}.Common - Debug|Any CPU.ActiveCfg = Common - Debug|x86
		{0AEC5C54-32AA-464D-BE24-7FF7D8A5250A}.Common - Debug|Mixed Platforms.ActiveCfg = Common - Debug|x86
		{0AEC5C54-32AA-464D-BE24-7FF7D8A5250A}.Common - Debug|Mixed Platforms.Build.0 = Common - Debug|x86
		{0AEC5C54-32AA-464D-BE24-7FF7D8A5250A}.Common - Debug|x64.ActiveCfg = Common - Debug|x86
		{0AEC5C54-32AA-464D-BE24-7FF7D8A5250A}.Common - Debug|x86.ActiveCfg = Common - Debug|x86
		{0AEC5C54-32AA-464D-BE24-7FF7D8A5250A}.Common - Debug|x86.Build.0 = Common - Debug|x86
		{0AEC5C54-32AA-464D-BE24-7FF7D8A5250A}.Common - Release|Any CPU.ActiveCfg = Common - Release|x86
		{0AEC5C54-32AA-464D-BE24-7FF7D8A5250A}.Common - Release|Mixed Platforms.ActiveCfg = Common - Release|x86
		{0AEC5C54-32AA-464D-BE24-7FF7D8A5250A}.Common - Release|Mixed Platforms.Build.0 = Common - Release|x86
		{0AEC5C54-32AA-464D-BE24-7FF7D8A5250A}.Common - Release|x64.ActiveCfg = Common - Release|x86
		{0AEC5C54-32AA-464D-BE24-7FF7D8A5250A}.Common - Release|x86.ActiveCfg = Common - Release|x86
		{0AEC5C54-32AA-464D-BE24-7FF7D8A5250A}.Common - Release|x86.Build.0 = Common - Release|x86
		{0AEC5C54-32AA-464D-BE24-7FF7D8A5250A}.CommonDebug|Any CPU.ActiveCfg = Common - Release|x86
		{0AEC5C54-32AA-464D-BE24-7FF7D8A5250A}.CommonDebug|Mixed Platforms.ActiveCfg = Common - Release|x86
		{0AEC5C54-32AA-464D-BE24-7FF7D8A5250A}.CommonDebug|Mixed Platforms.Build.0 = Common - Release|x86
		{0AEC5C54-32AA-464D-BE24-7FF7D8A5250A}.CommonDebug|x64.ActiveCfg = Common - Release|x86
		{0AEC5C54-32AA-464D-BE24-7FF7D8A5250A}.CommonDebug|x86.ActiveCfg = Common - Debug|x86
		{0AEC5C54-32AA-464D-BE24-7FF7D8A5250A}.CommonRelease|Any CPU.ActiveCfg = Release|x86
		{0AEC5C54-32AA-464D-BE24-7FF7D8A5250A}.CommonRelease|Mixed Platforms.ActiveCfg = Release|x86
		{0AEC5C54-32AA-464D-BE24-7FF7D8A5250A}.CommonRelease|Mixed Platforms.Build.0 = Release|x86
		{0AEC5C54-32AA-464D-BE24-7FF7D8A5250A}.CommonRelease|x64.ActiveCfg = Release|x86
		{0AEC5C54-32AA-464D-BE24-7FF7D8A5250A}.CommonRelease|x86.ActiveCfg = Common - Release|x86
		{0AEC5C54-32AA-464D-BE24-7FF7D8A5250A}.Debug|Any CPU.ActiveCfg = Debug|x86
		{0AEC5C54-32AA-464D-BE24-7FF7D8A5250A}.Debug|Mixed Platforms.ActiveCfg = Debug|x86
		{0AEC5C54-32AA-464D-BE24-7FF7D8A5250A}.Debug|Mixed Platforms.Build.0 = Debug|x86
		{0AEC5C54-32AA-464D-BE24-7FF7D8A5250A}.Debug|x64.ActiveCfg = Debug|x86
		{0AEC5C54-32AA-464D-BE24-7FF7D8A5250A}.Debug|x86.ActiveCfg = Debug|x86
		{0AEC5C54-32AA-464D-BE24-7FF7D8A5250A}.Debug|x86.Build.0 = Debug|x86
		{0AEC5C54-32AA-464D-BE24-7FF7D8A5250A}.Release|Any CPU.ActiveCfg = Release|x86
		{0AEC5C54-32AA-464D-BE24-7FF7D8A5250A}.Release|Mixed Platforms.ActiveCfg = Release|x86
		{0AEC5C54-32AA-464D-BE24-7FF7D8A5250A}.Release|Mixed Platforms.Build.0 = Release|x86
		{0AEC5C54-32AA-464D-BE24-7FF7D8A5250A}.Release|x64.ActiveCfg = Release|x86
		{0AEC5C54-32AA-464D-BE24-7FF7D8A5250A}.Release|x86.ActiveCfg = Release|x86
		{0AEC5C54-32AA-464D-BE24-7FF7D8A5250A}.Release|x86.Build.0 = Release|x86
		{23AA8040-BE4B-41F8-927F-D3832F8E02D2}.Common - Debug|Any CPU.ActiveCfg = Common - Debug|x86
		{23AA8040-BE4B-41F8-927F-D3832F8E02D2}.Common - Debug|Mixed Platforms.ActiveCfg = Common - Debug|x86
		{23AA8040-BE4B-41F8-927F-D3832F8E02D2}.Common - Debug|Mixed Platforms.Build.0 = Common - Debug|x86
		{23AA8040-BE4B-41F8-927F-D3832F8E02D2}.Common - Debug|x64.ActiveCfg = Common - Debug|x86
		{23AA8040-BE4B-41F8-927F-D3832F8E02D2}.Common - Debug|x86.ActiveCfg = Common - Debug|x86
		{23AA8040-BE4B-41F8-927F-D3832F8E02D2}.Common - Debug|x86.Build.0 = Common - Debug|x86
		{23AA8040-BE4B-41F8-927F-D3832F8E02D2}.Common - Release|Any CPU.ActiveCfg = Common - Release|x86
		{23AA8040-BE4B-41F8-927F-D3832F8E02D2}.Common - Release|Mixed Platforms.ActiveCfg = Common - Release|x86
		{23AA8040-BE4B-41F8-927F-D3832F8E02D2}.Common - Release|Mixed Platforms.Build.0 = Common - Release|x86
		{23AA8040-BE4B-41F8-927F-D3832F8E02D2}.Common - Release|x64.ActiveCfg = Common - Release|x86
		{23AA8040-BE4B-41F8-927F-D3832F8E02D2}.Common - Release|x86.ActiveCfg = Common - Release|x86
		{23AA8040-BE4B-41F8-927F-D3832F8E02D2}.Common - Release|x86.Build.0 = Common - Release|x86
		{23AA8040-BE4B-41F8-927F-D3832F8E02D2}.CommonDebug|Any CPU.ActiveCfg = Common - Release|x86
		{23AA8040-BE4B-41F8-927F-D3832F8E02D2}.CommonDebug|Mixed Platforms.ActiveCfg = Common - Release|x86
		{23AA8040-BE4B-41F8-927F-D3832F8E02D2}.CommonDebug|Mixed Platforms.Build.0 = Common - Release|x86
		{23AA8040-BE4B-41F8-927F-D3832F8E02D2}.CommonDebug|x64.ActiveCfg = Common - Release|x86
		{23AA8040-BE4B-41F8-927F-D3832F8E02D2}.CommonDebug|x86.ActiveCfg = Common - Debug|x86
		{23AA8040-BE4B-41F8-927F-D3832F8E02D2}.CommonRelease|Any CPU.ActiveCfg = Release|x86
		{23AA8040-BE4B-41F8-927F-D3832F8E02D2}.CommonRelease|Mixed Platforms.ActiveCfg = Release|x86
		{23AA8040-BE4B-41F8-927F-D3832F8E02D2}.CommonRelease|Mixed Platforms.Build.0 = Release|x86
		{23AA8040-BE4B-41F8-927F-D3832F8E02D2}.CommonRelease|x64.ActiveCfg = Release|x86
		{23AA8040-BE4B-41F8-927F-D3832F8E02D2}.CommonRelease|x86.ActiveCfg = Common - Release|x86
		{23AA8040-BE4B-41F8-927F-D3832F8E02D2}.Debug|Any CPU.ActiveCfg = Debug|x86
		{23AA8040-BE4B-41F8-927F-D3832F8E02D2}.Debug|Mixed Platforms.ActiveCfg = Debug|x86
		{23AA8040-BE4B-41F8-927F-D3832F8E02D2}.Debug|Mixed Platforms.Build.0 = Debug|x86
		{23AA8040-BE4B-41F8-927F-D3832F8E02D2}.Debug|x64.ActiveCfg = Debug|x86
		{23AA8040-BE4B-41F8-927F-D3832F8E02D2}.Debug|x86.ActiveCfg = Debug|x86
		{23AA8040-BE4B-41F8-927F-D3832F8E02D2}.Debug|x86.Build.0 = Debug|x86
		{23AA8040-BE4B-41F8-927F-D3832F8E02D2}.Release|Any CPU.ActiveCfg = Release|x86
		{23AA8040-BE4B-41F8-927F-D3832F8E02D2}.Release|Mixed Platforms.ActiveCfg = Release|x86
		{23AA8040-BE4B-41F8-927F-D3832F8E02D2}.Release|Mixed Platforms.Build.0 = Release|x86
		{23AA8040-BE4B-41F8-927F-D3832F8E02D2}.Release|x64.ActiveCfg = Release|x86
		{23AA8040-BE4B-41F8-927F-D3832F8E02D2}.Release|x86.ActiveCfg = Release|x86
		{23AA8040-BE4B-41F8-927F-D3832F8E02D2}.Release|x86.Build.0 = Release|x86
		{7A7A8F27-FCCC-46C5-A1BF-AE77624199AC}.Common - Debug|Any CPU.ActiveCfg = Common - Debug|x86
		{7A7A8F27-FCCC-46C5-A1BF-AE77624199AC}.Common - Debug|Mixed Platforms.ActiveCfg = Common - Debug|x86
		{7A7A8F27-FCCC-46C5-A1BF-AE77624199AC}.Common - Debug|Mixed Platforms.Build.0 = Common - Debug|x86
		{7A7A8F27-FCCC-46C5-A1BF-AE77624199AC}.Common - Debug|x64.ActiveCfg = Common - Debug|x86
		{7A7A8F27-FCCC-46C5-A1BF-AE77624199AC}.Common - Debug|x86.ActiveCfg = Common - Debug|x86
		{7A7A8F27-FCCC-46C5-A1BF-AE77624199AC}.Common - Debug|x86.Build.0 = Common - Debug|x86
		{7A7A8F27-FCCC-46C5-A1BF-AE77624199AC}.Common - Release|Any CPU.ActiveCfg = Common - Release|x86
		{7A7A8F27-FCCC-46C5-A1BF-AE77624199AC}.Common - Release|Mixed Platforms.ActiveCfg = Common - Release|x86
		{7A7A8F27-FCCC-46C5-A1BF-AE77624199AC}.Common - Release|Mixed Platforms.Build.0 = Common - Release|x86
		{7A7A8F27-FCCC-46C5-A1BF-AE77624199AC}.Common - Release|x64.ActiveCfg = Common - Release|x86
		{7A7A8F27-FCCC-46C5-A1BF-AE77624199AC}.Common - Release|x86.ActiveCfg = Common - Release|x86
		{7A7A8F27-FCCC-46C5-A1BF-AE77624199AC}.Common - Release|x86.Build.0 = Common - Release|x86
		{7A7A8F27-FCCC-46C5-A1BF-AE77624199AC}.CommonDebug|Any CPU.ActiveCfg = Common - Release|x86
		{7A7A8F27-FCCC-46C5-A1BF-AE77624199AC}.CommonDebug|Mixed Platforms.ActiveCfg = Common - Release|x86
		{7A7A8F27-FCCC-46C5-A1BF-AE77624199AC}.CommonDebug|Mixed Platforms.Build.0 = Common - Release|x86
		{7A7A8F27-FCCC-46C5-A1BF-AE77624199AC}.CommonDebug|x64.ActiveCfg = Common - Release|x86
		{7A7A8F27-FCCC-46C5-A1BF-AE77624199AC}.CommonDebug|x86.ActiveCfg = Common - Debug|x86
		{7A7A8F27-FCCC-46C5-A1BF-AE77624199AC}.CommonRelease|Any CPU.ActiveCfg = Release|x86
		{7A7A8F27-FCCC-46C5-A1BF-AE77624199AC}.CommonRelease|Mixed Platforms.ActiveCfg = Release|x86
		{7A7A8F27-FCCC-46C5-A1BF-AE77624199AC}.CommonRelease|Mixed Platforms.Build.0 = Release|x86
		{7A7A8F27-FCCC-46C5-A1BF-AE77624199AC}.CommonRelease|x64.ActiveCfg = Release|x86
		{7A7A8F27-FCCC-46C5-A1BF-AE77624199AC}.CommonRelease|x86.ActiveCfg = Common - Release|x86
		{7A7A8F27-FCCC-46C5-A1BF-AE77624199AC}.Debug|Any CPU.ActiveCfg = Debug|x86
		{7A7A8F27-FCCC-46C5-A1BF-AE77624199AC}.Debug|Mixed Platforms.ActiveCfg = Debug|x86
		{7A7A8F27-FCCC-46C5-A1BF-AE77624199AC}.Debug|Mixed Platforms.Build.0 = Debug|x86
		{7A7A8F27-FCCC-46C5-A1BF-AE77624199AC}.Debug|x64.ActiveCfg = Debug|x86
		{7A7A8F27-FCCC-46C5-A1BF-AE77624199AC}.Debug|x86.ActiveCfg = Debug|x86
		{7A7A8F27-FCCC-46C5-A1BF-AE77624199AC}.Debug|x86.Build.0 = Debug|x86
		{7A7A8F27-FCCC-46C5-A1BF-AE77624199AC}.Release|Any CPU.ActiveCfg = Release|x86
		{7A7A8F27-FCCC-46C5-A1BF-AE77624199AC}.Release|Mixed Platforms.ActiveCfg = Release|x86
		{7A7A8F27-FCCC-46C5-A1BF-AE77624199AC}.Release|Mixed Platforms.Build.0 = Release|x86
		{7A7A8F27-FCCC-46C5-A1BF-AE77624199AC}.Release|x64.ActiveCfg = Release|x86
		{7A7A8F27-FCCC-46C5-A1BF-AE77624199AC}.Release|x86.ActiveCfg = Release|x86
		{7A7A8F27-FCCC-46C5-A1BF-AE77624199AC}.Release|x86.Build.0 = Release|x86
		{8B124972-BD88-4366-9E87-49B487EEC65E}.Common - Debug|Any CPU.ActiveCfg = Debug|x86
		{8B124972-BD88-4366-9E87-49B487EEC65E}.Common - Debug|Mixed Platforms.ActiveCfg = Debug|x86
		{8B124972-BD88-4366-9E87-49B487EEC65E}.Common - Debug|x64.ActiveCfg = Debug|x86
		{8B124972-BD88-4366-9E87-49B487EEC65E}.Common - Debug|x86.ActiveCfg = Debug|x86
		{8B124972-BD88-4366-9E87-49B487EEC65E}.Common - Release|Any CPU.ActiveCfg = Release|x86
		{8B124972-BD88-4366-9E87-49B487EEC65E}.Common - Release|Mixed Platforms.ActiveCfg = Release|x86
		{8B124972-BD88-4366-9E87-49B487EEC65E}.Common - Release|x64.ActiveCfg = Release|x86
		{8B124972-BD88-4366-9E87-49B487EEC65E}.Common - Release|x86.ActiveCfg = Release|x86
		{8B124972-BD88-4366-9E87-49B487EEC65E}.CommonDebug|Any CPU.ActiveCfg = Debug|x86
		{8B124972-BD88-4366-9E87-49B487EEC65E}.CommonDebug|Mixed Platforms.ActiveCfg = Debug|x86
		{8B124972-BD88-4366-9E87-49B487EEC65E}.CommonDebug|x64.ActiveCfg = Debug|x86
		{8B124972-BD88-4366-9E87-49B487EEC65E}.CommonDebug|x86.ActiveCfg = Debug|x86
		{8B124972-BD88-4366-9E87-49B487EEC65E}.CommonRelease|Any CPU.ActiveCfg = Release|x86
		{8B124972-BD88-4366-9E87-49B487EEC65E}.CommonRelease|Mixed Platforms.ActiveCfg = Release|x86
		{8B124972-BD88-4366-9E87-49B487EEC65E}.CommonRelease|x64.ActiveCfg = Release|x86
		{8B124972-BD88-4366-9E87-49B487EEC65E}.CommonRelease|x86.ActiveCfg = Release|x86
		{8B124972-BD88-4366-9E87-49B487EEC65E}.Debug|Any CPU.ActiveCfg = Debug|x86
		{8B124972-BD88-4366-9E87-49B487EEC65E}.Debug|Mixed Platforms.ActiveCfg = Debug|x86
		{8B124972-BD88-4366-9E87-49B487EEC65E}.Debug|x64.ActiveCfg = Debug|x86
		{8B124972-BD88-4366-9E87-49B487EEC65E}.Debug|x86.ActiveCfg = Debug|x86
		{8B124972-BD88-4366-9E87-49B487EEC65E}.Debug|x86.Build.0 = Debug|x86
		{8B124972-BD88-4366-9E87-49B487EEC65E}.Release|Any CPU.ActiveCfg = Release|x86
		{8B124972-BD88-4366-9E87-49B487EEC65E}.Release|Mixed Platforms.ActiveCfg = Release|x86
		{8B124972-BD88-4366-9E87-49B487EEC65E}.Release|x64.ActiveCfg = Release|x86
		{8B124972-BD88-4366-9E87-49B487EEC65E}.Release|x86.ActiveCfg = Release|x86
		{8B124972-BD88-4366-9E87-49B487EEC65E}.Release|x86.Build.0 = Release|x86
		{46E5DD5B-8F18-494E-8371-51D389AB0B5E}.Common - Debug|Any CPU.ActiveCfg = Debug|x86
		{46E5DD5B-8F18-494E-8371-51D389AB0B5E}.Common - Debug|Mixed Platforms.ActiveCfg = Debug|x86
		{46E5DD5B-8F18-494E-8371-51D389AB0B5E}.Common - Debug|x64.ActiveCfg = Debug|x86
		{46E5DD5B-8F18-494E-8371-51D389AB0B5E}.Common - Debug|x86.ActiveCfg = Debug|x86
		{46E5DD5B-8F18-494E-8371-51D389AB0B5E}.Common - Release|Any CPU.ActiveCfg = Release|x86
		{46E5DD5B-8F18-494E-8371-51D389AB0B5E}.Common - Release|Mixed Platforms.ActiveCfg = Release|x86
		{46E5DD5B-8F18-494E-8371-51D389AB0B5E}.Common - Release|x64.ActiveCfg = Release|x86
		{46E5DD5B-8F18-494E-8371-51D389AB0B5E}.Common - Release|x86.ActiveCfg = Release|x86
		{46E5DD5B-8F18-494E-8371-51D389AB0B5E}.CommonDebug|Any CPU.ActiveCfg = Debug|x86
		{46E5DD5B-8F18-494E-8371-51D389AB0B5E}.CommonDebug|Mixed Platforms.ActiveCfg = Debug|x86
		{46E5DD5B-8F18-494E-8371-51D389AB0B5E}.CommonDebug|x64.ActiveCfg = Debug|x86
		{46E5DD5B-8F18-494E-8371-51D389AB0B5E}.CommonDebug|x86.ActiveCfg = Debug|x86
		{46E5DD5B-8F18-494E-8371-51D389AB0B5E}.CommonRelease|Any CPU.ActiveCfg = Release|x86
		{46E5DD5B-8F18-494E-8371-51D389AB0B5E}.CommonRelease|Mixed Platforms.ActiveCfg = Release|x86
		{46E5DD5B-8F18-494E-8371-51D389AB0B5E}.CommonRelease|x64.ActiveCfg = Release|x86
		{46E5DD5B-8F18-494E-8371-51D389AB0B5E}.CommonRelease|x86.ActiveCfg = Release|x86
		{46E5DD5B-8F18-494E-8371-51D389AB0B5E}.Debug|Any CPU.ActiveCfg = Debug|x86
		{46E5DD5B-8F18-494E-8371-51D389AB0B5E}.Debug|Mixed Platforms.ActiveCfg = Debug|x86
		{46E5DD5B-8F18-494E-8371-51D389AB0B5E}.Debug|x64.ActiveCfg = Debug|x86
		{46E5DD5B-8F18-494E-8371-51D389AB0B5E}.Debug|x86.ActiveCfg = Debug|x86
		{46E5DD5B-8F18-494E-8371-51D389AB0B5E}.Debug|x86.Build.0 = Debug|x86
		{46E5DD5B-8F18-494E-8371-51D389AB0B5E}.Release|Any CPU.ActiveCfg = Release|x86
		{46E5DD5B-8F18-494E-8371-51D389AB0B5E}.Release|Mixed Platforms.ActiveCfg = Release|x86
		{46E5DD5B-8F18-494E-8371-51D389AB0B5E}.Release|x64.ActiveCfg = Release|x86
		{46E5DD5B-8F18-494E-8371-51D389AB0B5E}.Release|x86.ActiveCfg = Release|x86
		{46E5DD5B-8F18-494E-8371-51D389AB0B5E}.Release|x86.Build.0 = Release|x86
		{D2F5D618-A5DE-443C-88E4-12AC12ADA3F9}.Common - Debug|Any CPU.ActiveCfg = Debug|x86
		{D2F5D618-A5DE-443C-88E4-12AC12ADA3F9}.Common - Debug|Mixed Platforms.ActiveCfg = Debug|x86
		{D2F5D618-A5DE-443C-88E4-12AC12ADA3F9}.Common - Debug|x64.ActiveCfg = Debug|x86
		{D2F5D618-A5DE-443C-88E4-12AC12ADA3F9}.Common - Debug|x86.ActiveCfg = Debug|x86
		{D2F5D618-A5DE-443C-88E4-12AC12ADA3F9}.Common - Release|Any CPU.ActiveCfg = Release|x86
		{D2F5D618-A5DE-443C-88E4-12AC12ADA3F9}.Common - Release|Mixed Platforms.ActiveCfg = Release|x86
		{D2F5D618-A5DE-443C-88E4-12AC12ADA3F9}.Common - Release|x64.ActiveCfg = Release|x86
		{D2F5D618-A5DE-443C-88E4-12AC12ADA3F9}.Common - Release|x86.ActiveCfg = Release|x86
		{D2F5D618-A5DE-443C-88E4-12AC12ADA3F9}.CommonDebug|Any CPU.ActiveCfg = Debug|x86
		{D2F5D618-A5DE-443C-88E4-12AC12ADA3F9}.CommonDebug|Mixed Platforms.ActiveCfg = Debug|x86
		{D2F5D618-A5DE-443C-88E4-12AC12ADA3F9}.CommonDebug|x64.ActiveCfg = Debug|x86
		{D2F5D618-A5DE-443C-88E4-12AC12ADA3F9}.CommonDebug|x86.ActiveCfg = Debug|x86
		{D2F5D618-A5DE-443C-88E4-12AC12ADA3F9}.CommonRelease|Any CPU.ActiveCfg = Release|x86
		{D2F5D618-A5DE-443C-88E4-12AC12ADA3F9}.CommonRelease|Mixed Platforms.ActiveCfg = Release|x86
		{D2F5D618-A5DE-443C-88E4-12AC12ADA3F9}.CommonRelease|x64.ActiveCfg = Release|x86
		{D2F5D618-A5DE-443C-88E4-12AC12ADA3F9}.CommonRelease|x86.ActiveCfg = Release|x86
		{D2F5D618-A5DE-443C-88E4-12AC12ADA3F9}.Debug|Any CPU.ActiveCfg = Debug|x86
		{D2F5D618-A5DE-443C-88E4-12AC12ADA3F9}.Debug|Mixed Platforms.ActiveCfg = Debug|x86
		{D2F5D618-A5DE-443C-88E4-12AC12ADA3F9}.Debug|x64.ActiveCfg = Debug|x86
		{D2F5D618-A5DE-443C-88E4-12AC12ADA3F9}.Debug|x86.ActiveCfg = Debug|x86
		{D2F5D618-A5DE-443C-88E4-12AC12ADA3F9}.Debug|x86.Build.0 = Debug|x86
		{D2F5D618-A5DE-443C-88E4-12AC12ADA3F9}.Release|Any CPU.ActiveCfg = Release|x86
		{D2F5D618-A5DE-443C-88E4-12AC12ADA3F9}.Release|Mixed Platforms.ActiveCfg = Release|x86
		{D2F5D618-A5DE-443C-88E4-12AC12ADA3F9}.Release|x64.ActiveCfg = Release|x86
		{D2F5D618-A5DE-443C-88E4-12AC12ADA3F9}.Release|x86.ActiveCfg = Release|x86
		{D2F5D618-A5DE-443C-88E4-12AC12ADA3F9}.Release|x86.Build.0 = Release|x86
		{CA7E7C36-CC24-4EC6-943F-4FA1EF3F3DB6}.Common - Debug|Any CPU.ActiveCfg = Common - Debug|Any CPU
		{CA7E7C36-CC24-4EC6-943F-4FA1EF3F3DB6}.Common - Debug|Any CPU.Build.0 = Common - Debug|Any CPU
		{CA7E7C36-CC24-4EC6-943F-4FA1EF3F3DB6}.Common - Debug|Mixed Platforms.ActiveCfg = Common - Debug|x86
		{CA7E7C36-CC24-4EC6-943F-4FA1EF3F3DB6}.Common - Debug|Mixed Platforms.Build.0 = Common - Debug|x86
		{CA7E7C36-CC24-4EC6-943F-4FA1EF3F3DB6}.Common - Debug|x64.ActiveCfg = Common - Debug|x86
		{CA7E7C36-CC24-4EC6-943F-4FA1EF3F3DB6}.Common - Debug|x86.ActiveCfg = Common - Debug|x86
		{CA7E7C36-CC24-4EC6-943F-4FA1EF3F3DB6}.Common - Debug|x86.Build.0 = Common - Debug|x86
		{CA7E7C36-CC24-4EC6-943F-4FA1EF3F3DB6}.Common - Release|Any CPU.ActiveCfg = Common - Release|Any CPU
		{CA7E7C36-CC24-4EC6-943F-4FA1EF3F3DB6}.Common - Release|Any CPU.Build.0 = Common - Release|Any CPU
		{CA7E7C36-CC24-4EC6-943F-4FA1EF3F3DB6}.Common - Release|Mixed Platforms.ActiveCfg = Common - Release|x86
		{CA7E7C36-CC24-4EC6-943F-4FA1EF3F3DB6}.Common - Release|Mixed Platforms.Build.0 = Common - Release|x86
		{CA7E7C36-CC24-4EC6-943F-4FA1EF3F3DB6}.Common - Release|x64.ActiveCfg = Common - Release|x86
		{CA7E7C36-CC24-4EC6-943F-4FA1EF3F3DB6}.Common - Release|x86.ActiveCfg = Common - Release|x86
		{CA7E7C36-CC24-4EC6-943F-4FA1EF3F3DB6}.Common - Release|x86.Build.0 = Common - Release|x86
		{CA7E7C36-CC24-4EC6-943F-4FA1EF3F3DB6}.CommonDebug|Any CPU.ActiveCfg = Debug|Any CPU
		{CA7E7C36-CC24-4EC6-943F-4FA1EF3F3DB6}.CommonDebug|Any CPU.Build.0 = Debug|Any CPU
		{CA7E7C36-CC24-4EC6-943F-4FA1EF3F3DB6}.CommonDebug|Mixed Platforms.ActiveCfg = Common - Release|x86
		{CA7E7C36-CC24-4EC6-943F-4FA1EF3F3DB6}.CommonDebug|Mixed Platforms.Build.0 = Common - Release|x86
		{CA7E7C36-CC24-4EC6-943F-4FA1EF3F3DB6}.CommonDebug|x64.ActiveCfg = Common - Release|x86
		{CA7E7C36-CC24-4EC6-943F-4FA1EF3F3DB6}.CommonDebug|x86.ActiveCfg = Common - Debug|x86
		{CA7E7C36-CC24-4EC6-943F-4FA1EF3F3DB6}.CommonRelease|Any CPU.ActiveCfg = Release|Any CPU
		{CA7E7C36-CC24-4EC6-943F-4FA1EF3F3DB6}.CommonRelease|Any CPU.Build.0 = Release|Any CPU
		{CA7E7C36-CC24-4EC6-943F-4FA1EF3F3DB6}.CommonRelease|Mixed Platforms.ActiveCfg = Release|x86
		{CA7E7C36-CC24-4EC6-943F-4FA1EF3F3DB6}.CommonRelease|Mixed Platforms.Build.0 = Release|x86
		{CA7E7C36-CC24-4EC6-943F-4FA1EF3F3DB6}.CommonRelease|x64.ActiveCfg = Release|x86
		{CA7E7C36-CC24-4EC6-943F-4FA1EF3F3DB6}.CommonRelease|x86.ActiveCfg = Common - Release|x86
		{CA7E7C36-CC24-4EC6-943F-4FA1EF3F3DB6}.Debug|Any CPU.ActiveCfg = Debug|Any CPU
		{CA7E7C36-CC24-4EC6-943F-4FA1EF3F3DB6}.Debug|Any CPU.Build.0 = Debug|Any CPU
		{CA7E7C36-CC24-4EC6-943F-4FA1EF3F3DB6}.Debug|Mixed Platforms.ActiveCfg = Debug|x86
		{CA7E7C36-CC24-4EC6-943F-4FA1EF3F3DB6}.Debug|Mixed Platforms.Build.0 = Debug|x86
		{CA7E7C36-CC24-4EC6-943F-4FA1EF3F3DB6}.Debug|x64.ActiveCfg = Debug|x86
		{CA7E7C36-CC24-4EC6-943F-4FA1EF3F3DB6}.Debug|x86.ActiveCfg = Debug|x86
		{CA7E7C36-CC24-4EC6-943F-4FA1EF3F3DB6}.Debug|x86.Build.0 = Debug|x86
		{CA7E7C36-CC24-4EC6-943F-4FA1EF3F3DB6}.Release|Any CPU.ActiveCfg = Release|Any CPU
		{CA7E7C36-CC24-4EC6-943F-4FA1EF3F3DB6}.Release|Any CPU.Build.0 = Release|Any CPU
		{CA7E7C36-CC24-4EC6-943F-4FA1EF3F3DB6}.Release|Mixed Platforms.ActiveCfg = Release|x86
		{CA7E7C36-CC24-4EC6-943F-4FA1EF3F3DB6}.Release|Mixed Platforms.Build.0 = Release|x86
		{CA7E7C36-CC24-4EC6-943F-4FA1EF3F3DB6}.Release|x64.ActiveCfg = Release|x86
		{CA7E7C36-CC24-4EC6-943F-4FA1EF3F3DB6}.Release|x86.ActiveCfg = Release|x86
		{CA7E7C36-CC24-4EC6-943F-4FA1EF3F3DB6}.Release|x86.Build.0 = Release|x86
		{59226035-1D22-41D8-8748-AD008239A4E9}.Common - Debug|Any CPU.ActiveCfg = Debug|x86
		{59226035-1D22-41D8-8748-AD008239A4E9}.Common - Debug|Mixed Platforms.ActiveCfg = Debug|x86
		{59226035-1D22-41D8-8748-AD008239A4E9}.Common - Debug|x64.ActiveCfg = Debug|x86
		{59226035-1D22-41D8-8748-AD008239A4E9}.Common - Debug|x86.ActiveCfg = Debug|x86
		{59226035-1D22-41D8-8748-AD008239A4E9}.Common - Release|Any CPU.ActiveCfg = Release|x86
		{59226035-1D22-41D8-8748-AD008239A4E9}.Common - Release|Mixed Platforms.ActiveCfg = Release|x86
		{59226035-1D22-41D8-8748-AD008239A4E9}.Common - Release|x64.ActiveCfg = Release|x86
		{59226035-1D22-41D8-8748-AD008239A4E9}.Common - Release|x86.ActiveCfg = Release|x86
		{59226035-1D22-41D8-8748-AD008239A4E9}.CommonDebug|Any CPU.ActiveCfg = Debug|x86
		{59226035-1D22-41D8-8748-AD008239A4E9}.CommonDebug|Mixed Platforms.ActiveCfg = Debug|x86
		{59226035-1D22-41D8-8748-AD008239A4E9}.CommonDebug|x64.ActiveCfg = Debug|x86
		{59226035-1D22-41D8-8748-AD008239A4E9}.CommonDebug|x86.ActiveCfg = Debug|x86
		{59226035-1D22-41D8-8748-AD008239A4E9}.CommonRelease|Any CPU.ActiveCfg = Release|x86
		{59226035-1D22-41D8-8748-AD008239A4E9}.CommonRelease|Mixed Platforms.ActiveCfg = Release|x86
		{59226035-1D22-41D8-8748-AD008239A4E9}.CommonRelease|x64.ActiveCfg = Release|x86
		{59226035-1D22-41D8-8748-AD008239A4E9}.CommonRelease|x86.ActiveCfg = Release|x86
		{59226035-1D22-41D8-8748-AD008239A4E9}.Debug|Any CPU.ActiveCfg = Debug|x86
		{59226035-1D22-41D8-8748-AD008239A4E9}.Debug|Mixed Platforms.ActiveCfg = Debug|x86
		{59226035-1D22-41D8-8748-AD008239A4E9}.Debug|x64.ActiveCfg = Debug|x86
		{59226035-1D22-41D8-8748-AD008239A4E9}.Debug|x86.ActiveCfg = Debug|x86
		{59226035-1D22-41D8-8748-AD008239A4E9}.Debug|x86.Build.0 = Debug|x86
		{59226035-1D22-41D8-8748-AD008239A4E9}.Release|Any CPU.ActiveCfg = Release|x86
		{59226035-1D22-41D8-8748-AD008239A4E9}.Release|Mixed Platforms.ActiveCfg = Release|x86
		{59226035-1D22-41D8-8748-AD008239A4E9}.Release|x64.ActiveCfg = Release|x86
		{59226035-1D22-41D8-8748-AD008239A4E9}.Release|x86.ActiveCfg = Release|x86
		{59226035-1D22-41D8-8748-AD008239A4E9}.Release|x86.Build.0 = Release|x86
		{1BD2F8A6-5D8D-4446-8265-D1260ED0913D}.Common - Debug|Any CPU.ActiveCfg = Debug|Any CPU
		{1BD2F8A6-5D8D-4446-8265-D1260ED0913D}.Common - Debug|Any CPU.Build.0 = Debug|Any CPU
		{1BD2F8A6-5D8D-4446-8265-D1260ED0913D}.Common - Debug|Mixed Platforms.ActiveCfg = Debug|x86
		{1BD2F8A6-5D8D-4446-8265-D1260ED0913D}.Common - Debug|x64.ActiveCfg = Debug|x86
		{1BD2F8A6-5D8D-4446-8265-D1260ED0913D}.Common - Debug|x86.ActiveCfg = Debug|x86
		{1BD2F8A6-5D8D-4446-8265-D1260ED0913D}.Common - Release|Any CPU.ActiveCfg = Release|Any CPU
		{1BD2F8A6-5D8D-4446-8265-D1260ED0913D}.Common - Release|Any CPU.Build.0 = Release|Any CPU
		{1BD2F8A6-5D8D-4446-8265-D1260ED0913D}.Common - Release|Mixed Platforms.ActiveCfg = Release|x86
		{1BD2F8A6-5D8D-4446-8265-D1260ED0913D}.Common - Release|x64.ActiveCfg = Release|x86
		{1BD2F8A6-5D8D-4446-8265-D1260ED0913D}.Common - Release|x86.ActiveCfg = Release|x86
		{1BD2F8A6-5D8D-4446-8265-D1260ED0913D}.CommonDebug|Any CPU.ActiveCfg = Debug|Any CPU
		{1BD2F8A6-5D8D-4446-8265-D1260ED0913D}.CommonDebug|Any CPU.Build.0 = Debug|Any CPU
		{1BD2F8A6-5D8D-4446-8265-D1260ED0913D}.CommonDebug|Mixed Platforms.ActiveCfg = Debug|x86
		{1BD2F8A6-5D8D-4446-8265-D1260ED0913D}.CommonDebug|x64.ActiveCfg = Debug|x86
		{1BD2F8A6-5D8D-4446-8265-D1260ED0913D}.CommonDebug|x86.ActiveCfg = Debug|x86
		{1BD2F8A6-5D8D-4446-8265-D1260ED0913D}.CommonRelease|Any CPU.ActiveCfg = Release|Any CPU
		{1BD2F8A6-5D8D-4446-8265-D1260ED0913D}.CommonRelease|Any CPU.Build.0 = Release|Any CPU
		{1BD2F8A6-5D8D-4446-8265-D1260ED0913D}.CommonRelease|Mixed Platforms.ActiveCfg = Release|x86
		{1BD2F8A6-5D8D-4446-8265-D1260ED0913D}.CommonRelease|x64.ActiveCfg = Release|x86
		{1BD2F8A6-5D8D-4446-8265-D1260ED0913D}.CommonRelease|x86.ActiveCfg = Release|x86
		{1BD2F8A6-5D8D-4446-8265-D1260ED0913D}.Debug|Any CPU.ActiveCfg = Debug|Any CPU
		{1BD2F8A6-5D8D-4446-8265-D1260ED0913D}.Debug|Any CPU.Build.0 = Debug|Any CPU
		{1BD2F8A6-5D8D-4446-8265-D1260ED0913D}.Debug|Mixed Platforms.ActiveCfg = Debug|x86
		{1BD2F8A6-5D8D-4446-8265-D1260ED0913D}.Debug|x64.ActiveCfg = Debug|x86
		{1BD2F8A6-5D8D-4446-8265-D1260ED0913D}.Debug|x86.ActiveCfg = Debug|x86
		{1BD2F8A6-5D8D-4446-8265-D1260ED0913D}.Debug|x86.Build.0 = Debug|x86
		{1BD2F8A6-5D8D-4446-8265-D1260ED0913D}.Release|Any CPU.ActiveCfg = Release|Any CPU
		{1BD2F8A6-5D8D-4446-8265-D1260ED0913D}.Release|Any CPU.Build.0 = Release|Any CPU
		{1BD2F8A6-5D8D-4446-8265-D1260ED0913D}.Release|Mixed Platforms.ActiveCfg = Release|x86
		{1BD2F8A6-5D8D-4446-8265-D1260ED0913D}.Release|x64.ActiveCfg = Release|x86
		{1BD2F8A6-5D8D-4446-8265-D1260ED0913D}.Release|x86.ActiveCfg = Release|x86
		{1BD2F8A6-5D8D-4446-8265-D1260ED0913D}.Release|x86.Build.0 = Release|x86
		{76730532-DBCE-4000-BA96-657E001D41BD}.Common - Debug|Any CPU.ActiveCfg = Common - Debug|Any CPU
		{76730532-DBCE-4000-BA96-657E001D41BD}.Common - Debug|Any CPU.Build.0 = Common - Debug|Any CPU
		{76730532-DBCE-4000-BA96-657E001D41BD}.Common - Debug|Mixed Platforms.ActiveCfg = Common - Debug|x86
		{76730532-DBCE-4000-BA96-657E001D41BD}.Common - Debug|Mixed Platforms.Build.0 = Common - Debug|x86
		{76730532-DBCE-4000-BA96-657E001D41BD}.Common - Debug|x64.ActiveCfg = Common - Debug|x86
		{76730532-DBCE-4000-BA96-657E001D41BD}.Common - Debug|x86.ActiveCfg = Debug|Any CPU
		{76730532-DBCE-4000-BA96-657E001D41BD}.Common - Debug|x86.Build.0 = Common - Debug|x86
		{76730532-DBCE-4000-BA96-657E001D41BD}.Common - Release|Any CPU.ActiveCfg = Common - Release|Any CPU
		{76730532-DBCE-4000-BA96-657E001D41BD}.Common - Release|Any CPU.Build.0 = Common - Release|Any CPU
		{76730532-DBCE-4000-BA96-657E001D41BD}.Common - Release|Mixed Platforms.ActiveCfg = Common - Release|x86
		{76730532-DBCE-4000-BA96-657E001D41BD}.Common - Release|Mixed Platforms.Build.0 = Common - Release|x86
		{76730532-DBCE-4000-BA96-657E001D41BD}.Common - Release|x64.ActiveCfg = Common - Release|x86
		{76730532-DBCE-4000-BA96-657E001D41BD}.Common - Release|x86.ActiveCfg = Release|Any CPU
		{76730532-DBCE-4000-BA96-657E001D41BD}.Common - Release|x86.Build.0 = Common - Release|x86
		{76730532-DBCE-4000-BA96-657E001D41BD}.CommonDebug|Any CPU.ActiveCfg = Debug|Any CPU
		{76730532-DBCE-4000-BA96-657E001D41BD}.CommonDebug|Any CPU.Build.0 = Debug|Any CPU
		{76730532-DBCE-4000-BA96-657E001D41BD}.CommonDebug|Mixed Platforms.ActiveCfg = Common - Release|x86
		{76730532-DBCE-4000-BA96-657E001D41BD}.CommonDebug|Mixed Platforms.Build.0 = Common - Release|x86
		{76730532-DBCE-4000-BA96-657E001D41BD}.CommonDebug|x64.ActiveCfg = Common - Release|x86
		{76730532-DBCE-4000-BA96-657E001D41BD}.CommonDebug|x86.ActiveCfg = Debug|Any CPU
		{76730532-DBCE-4000-BA96-657E001D41BD}.CommonRelease|Any CPU.ActiveCfg = Release|Any CPU
		{76730532-DBCE-4000-BA96-657E001D41BD}.CommonRelease|Any CPU.Build.0 = Release|Any CPU
		{76730532-DBCE-4000-BA96-657E001D41BD}.CommonRelease|Mixed Platforms.ActiveCfg = Release|x86
		{76730532-DBCE-4000-BA96-657E001D41BD}.CommonRelease|Mixed Platforms.Build.0 = Release|x86
		{76730532-DBCE-4000-BA96-657E001D41BD}.CommonRelease|x64.ActiveCfg = Release|x86
		{76730532-DBCE-4000-BA96-657E001D41BD}.CommonRelease|x86.ActiveCfg = Release|Any CPU
		{76730532-DBCE-4000-BA96-657E001D41BD}.Debug|Any CPU.ActiveCfg = Debug|Any CPU
		{76730532-DBCE-4000-BA96-657E001D41BD}.Debug|Any CPU.Build.0 = Debug|Any CPU
		{76730532-DBCE-4000-BA96-657E001D41BD}.Debug|Mixed Platforms.ActiveCfg = Debug|x86
		{76730532-DBCE-4000-BA96-657E001D41BD}.Debug|Mixed Platforms.Build.0 = Debug|x86
		{76730532-DBCE-4000-BA96-657E001D41BD}.Debug|x64.ActiveCfg = Debug|x86
		{76730532-DBCE-4000-BA96-657E001D41BD}.Debug|x86.ActiveCfg = Debug|x86
		{76730532-DBCE-4000-BA96-657E001D41BD}.Debug|x86.Build.0 = Debug|x86
		{76730532-DBCE-4000-BA96-657E001D41BD}.Release|Any CPU.ActiveCfg = Release|Any CPU
		{76730532-DBCE-4000-BA96-657E001D41BD}.Release|Any CPU.Build.0 = Release|Any CPU
		{76730532-DBCE-4000-BA96-657E001D41BD}.Release|Mixed Platforms.ActiveCfg = Release|x86
		{76730532-DBCE-4000-BA96-657E001D41BD}.Release|Mixed Platforms.Build.0 = Release|x86
		{76730532-DBCE-4000-BA96-657E001D41BD}.Release|x64.ActiveCfg = Release|x86
		{76730532-DBCE-4000-BA96-657E001D41BD}.Release|x86.ActiveCfg = Release|x86
		{76730532-DBCE-4000-BA96-657E001D41BD}.Release|x86.Build.0 = Release|x86
		{0608E0BE-97A0-4F3E-8CB4-0924100EB427}.Common - Debug|Any CPU.ActiveCfg = Debug|x86
		{0608E0BE-97A0-4F3E-8CB4-0924100EB427}.Common - Debug|Mixed Platforms.ActiveCfg = Debug|x86
		{0608E0BE-97A0-4F3E-8CB4-0924100EB427}.Common - Debug|Mixed Platforms.Build.0 = Debug|x86
		{0608E0BE-97A0-4F3E-8CB4-0924100EB427}.Common - Debug|x64.ActiveCfg = Debug|x86
		{0608E0BE-97A0-4F3E-8CB4-0924100EB427}.Common - Debug|x86.ActiveCfg = Debug|x86
		{0608E0BE-97A0-4F3E-8CB4-0924100EB427}.Common - Debug|x86.Build.0 = Debug|x86
		{0608E0BE-97A0-4F3E-8CB4-0924100EB427}.Common - Release|Any CPU.ActiveCfg = Release|x86
		{0608E0BE-97A0-4F3E-8CB4-0924100EB427}.Common - Release|Mixed Platforms.ActiveCfg = Release|x86
		{0608E0BE-97A0-4F3E-8CB4-0924100EB427}.Common - Release|Mixed Platforms.Build.0 = Release|x86
		{0608E0BE-97A0-4F3E-8CB4-0924100EB427}.Common - Release|x64.ActiveCfg = Release|x86
		{0608E0BE-97A0-4F3E-8CB4-0924100EB427}.Common - Release|x86.ActiveCfg = Release|x86
		{0608E0BE-97A0-4F3E-8CB4-0924100EB427}.Common - Release|x86.Build.0 = Release|x86
		{0608E0BE-97A0-4F3E-8CB4-0924100EB427}.CommonDebug|Any CPU.ActiveCfg = Debug|x86
		{0608E0BE-97A0-4F3E-8CB4-0924100EB427}.CommonDebug|Mixed Platforms.ActiveCfg = Debug|x86
		{0608E0BE-97A0-4F3E-8CB4-0924100EB427}.CommonDebug|Mixed Platforms.Build.0 = Debug|x86
		{0608E0BE-97A0-4F3E-8CB4-0924100EB427}.CommonDebug|x64.ActiveCfg = Debug|x86
		{0608E0BE-97A0-4F3E-8CB4-0924100EB427}.CommonDebug|x86.ActiveCfg = Debug|x86
		{0608E0BE-97A0-4F3E-8CB4-0924100EB427}.CommonDebug|x86.Build.0 = Debug|x86
		{0608E0BE-97A0-4F3E-8CB4-0924100EB427}.CommonRelease|Any CPU.ActiveCfg = Release|x86
		{0608E0BE-97A0-4F3E-8CB4-0924100EB427}.CommonRelease|Mixed Platforms.ActiveCfg = Release|x86
		{0608E0BE-97A0-4F3E-8CB4-0924100EB427}.CommonRelease|Mixed Platforms.Build.0 = Release|x86
		{0608E0BE-97A0-4F3E-8CB4-0924100EB427}.CommonRelease|x64.ActiveCfg = Release|x86
		{0608E0BE-97A0-4F3E-8CB4-0924100EB427}.CommonRelease|x86.ActiveCfg = Release|x86
		{0608E0BE-97A0-4F3E-8CB4-0924100EB427}.CommonRelease|x86.Build.0 = Release|x86
		{0608E0BE-97A0-4F3E-8CB4-0924100EB427}.Debug|Any CPU.ActiveCfg = Debug|x86
		{0608E0BE-97A0-4F3E-8CB4-0924100EB427}.Debug|Mixed Platforms.ActiveCfg = Debug|x86
		{0608E0BE-97A0-4F3E-8CB4-0924100EB427}.Debug|Mixed Platforms.Build.0 = Debug|x86
		{0608E0BE-97A0-4F3E-8CB4-0924100EB427}.Debug|x64.ActiveCfg = Debug|x86
		{0608E0BE-97A0-4F3E-8CB4-0924100EB427}.Debug|x86.ActiveCfg = Debug|x86
		{0608E0BE-97A0-4F3E-8CB4-0924100EB427}.Debug|x86.Build.0 = Debug|x86
		{0608E0BE-97A0-4F3E-8CB4-0924100EB427}.Release|Any CPU.ActiveCfg = Release|x86
		{0608E0BE-97A0-4F3E-8CB4-0924100EB427}.Release|Mixed Platforms.ActiveCfg = Release|x86
		{0608E0BE-97A0-4F3E-8CB4-0924100EB427}.Release|Mixed Platforms.Build.0 = Release|x86
		{0608E0BE-97A0-4F3E-8CB4-0924100EB427}.Release|x64.ActiveCfg = Release|x86
		{0608E0BE-97A0-4F3E-8CB4-0924100EB427}.Release|x86.ActiveCfg = Release|x86
		{0608E0BE-97A0-4F3E-8CB4-0924100EB427}.Release|x86.Build.0 = Release|x86
		{F31CE404-6FA0-4A8D-9A3B-C391B26FDE1E}.Common - Debug|Any CPU.ActiveCfg = Debug|Any CPU
		{F31CE404-6FA0-4A8D-9A3B-C391B26FDE1E}.Common - Debug|Any CPU.Build.0 = Debug|Any CPU
		{F31CE404-6FA0-4A8D-9A3B-C391B26FDE1E}.Common - Debug|Mixed Platforms.ActiveCfg = Debug|x86
		{F31CE404-6FA0-4A8D-9A3B-C391B26FDE1E}.Common - Debug|Mixed Platforms.Build.0 = Debug|x86
		{F31CE404-6FA0-4A8D-9A3B-C391B26FDE1E}.Common - Debug|x64.ActiveCfg = Debug|x64
		{F31CE404-6FA0-4A8D-9A3B-C391B26FDE1E}.Common - Debug|x64.Build.0 = Debug|x64
		{F31CE404-6FA0-4A8D-9A3B-C391B26FDE1E}.Common - Debug|x86.ActiveCfg = Debug|x86
		{F31CE404-6FA0-4A8D-9A3B-C391B26FDE1E}.Common - Debug|x86.Build.0 = Debug|x86
		{F31CE404-6FA0-4A8D-9A3B-C391B26FDE1E}.Common - Release|Any CPU.ActiveCfg = Release|Any CPU
		{F31CE404-6FA0-4A8D-9A3B-C391B26FDE1E}.Common - Release|Any CPU.Build.0 = Release|Any CPU
		{F31CE404-6FA0-4A8D-9A3B-C391B26FDE1E}.Common - Release|Mixed Platforms.ActiveCfg = Release|x86
		{F31CE404-6FA0-4A8D-9A3B-C391B26FDE1E}.Common - Release|Mixed Platforms.Build.0 = Release|x86
		{F31CE404-6FA0-4A8D-9A3B-C391B26FDE1E}.Common - Release|x64.ActiveCfg = Release|x64
		{F31CE404-6FA0-4A8D-9A3B-C391B26FDE1E}.Common - Release|x64.Build.0 = Release|x64
		{F31CE404-6FA0-4A8D-9A3B-C391B26FDE1E}.Common - Release|x86.ActiveCfg = Release|x86
		{F31CE404-6FA0-4A8D-9A3B-C391B26FDE1E}.Common - Release|x86.Build.0 = Release|x86
		{F31CE404-6FA0-4A8D-9A3B-C391B26FDE1E}.CommonDebug|Any CPU.ActiveCfg = Debug|Any CPU
		{F31CE404-6FA0-4A8D-9A3B-C391B26FDE1E}.CommonDebug|Any CPU.Build.0 = Debug|Any CPU
		{F31CE404-6FA0-4A8D-9A3B-C391B26FDE1E}.CommonDebug|Mixed Platforms.ActiveCfg = Debug|x86
		{F31CE404-6FA0-4A8D-9A3B-C391B26FDE1E}.CommonDebug|Mixed Platforms.Build.0 = Debug|x86
		{F31CE404-6FA0-4A8D-9A3B-C391B26FDE1E}.CommonDebug|x64.ActiveCfg = Debug|x64
		{F31CE404-6FA0-4A8D-9A3B-C391B26FDE1E}.CommonDebug|x64.Build.0 = Debug|x64
		{F31CE404-6FA0-4A8D-9A3B-C391B26FDE1E}.CommonDebug|x86.ActiveCfg = Debug|x86
		{F31CE404-6FA0-4A8D-9A3B-C391B26FDE1E}.CommonDebug|x86.Build.0 = Debug|x86
		{F31CE404-6FA0-4A8D-9A3B-C391B26FDE1E}.CommonRelease|Any CPU.ActiveCfg = Release|Any CPU
		{F31CE404-6FA0-4A8D-9A3B-C391B26FDE1E}.CommonRelease|Any CPU.Build.0 = Release|Any CPU
		{F31CE404-6FA0-4A8D-9A3B-C391B26FDE1E}.CommonRelease|Mixed Platforms.ActiveCfg = Release|x86
		{F31CE404-6FA0-4A8D-9A3B-C391B26FDE1E}.CommonRelease|Mixed Platforms.Build.0 = Release|x86
		{F31CE404-6FA0-4A8D-9A3B-C391B26FDE1E}.CommonRelease|x64.ActiveCfg = Release|x64
		{F31CE404-6FA0-4A8D-9A3B-C391B26FDE1E}.CommonRelease|x64.Build.0 = Release|x64
		{F31CE404-6FA0-4A8D-9A3B-C391B26FDE1E}.CommonRelease|x86.ActiveCfg = Release|x86
		{F31CE404-6FA0-4A8D-9A3B-C391B26FDE1E}.CommonRelease|x86.Build.0 = Release|x86
		{F31CE404-6FA0-4A8D-9A3B-C391B26FDE1E}.Debug|Any CPU.ActiveCfg = Debug|Any CPU
		{F31CE404-6FA0-4A8D-9A3B-C391B26FDE1E}.Debug|Any CPU.Build.0 = Debug|Any CPU
		{F31CE404-6FA0-4A8D-9A3B-C391B26FDE1E}.Debug|Mixed Platforms.ActiveCfg = Debug|x86
		{F31CE404-6FA0-4A8D-9A3B-C391B26FDE1E}.Debug|Mixed Platforms.Build.0 = Debug|x86
		{F31CE404-6FA0-4A8D-9A3B-C391B26FDE1E}.Debug|x64.ActiveCfg = Debug|x64
		{F31CE404-6FA0-4A8D-9A3B-C391B26FDE1E}.Debug|x64.Build.0 = Debug|x64
		{F31CE404-6FA0-4A8D-9A3B-C391B26FDE1E}.Debug|x86.ActiveCfg = Debug|x86
		{F31CE404-6FA0-4A8D-9A3B-C391B26FDE1E}.Debug|x86.Build.0 = Debug|x86
		{F31CE404-6FA0-4A8D-9A3B-C391B26FDE1E}.Release|Any CPU.ActiveCfg = Release|Any CPU
		{F31CE404-6FA0-4A8D-9A3B-C391B26FDE1E}.Release|Any CPU.Build.0 = Release|Any CPU
		{F31CE404-6FA0-4A8D-9A3B-C391B26FDE1E}.Release|Mixed Platforms.ActiveCfg = Release|x86
		{F31CE404-6FA0-4A8D-9A3B-C391B26FDE1E}.Release|Mixed Platforms.Build.0 = Release|x86
		{F31CE404-6FA0-4A8D-9A3B-C391B26FDE1E}.Release|x64.ActiveCfg = Release|x64
		{F31CE404-6FA0-4A8D-9A3B-C391B26FDE1E}.Release|x64.Build.0 = Release|x64
		{F31CE404-6FA0-4A8D-9A3B-C391B26FDE1E}.Release|x86.ActiveCfg = Release|x86
		{F31CE404-6FA0-4A8D-9A3B-C391B26FDE1E}.Release|x86.Build.0 = Release|x86
		{E301AB6A-D420-4C0E-A171-674B2ABAC738}.Common - Debug|Any CPU.ActiveCfg = Debug|Any CPU
		{E301AB6A-D420-4C0E-A171-674B2ABAC738}.Common - Debug|Any CPU.Build.0 = Debug|Any CPU
		{E301AB6A-D420-4C0E-A171-674B2ABAC738}.Common - Debug|Mixed Platforms.ActiveCfg = Debug|Any CPU
		{E301AB6A-D420-4C0E-A171-674B2ABAC738}.Common - Debug|Mixed Platforms.Build.0 = Debug|Any CPU
		{E301AB6A-D420-4C0E-A171-674B2ABAC738}.Common - Debug|x64.ActiveCfg = Debug|Any CPU
		{E301AB6A-D420-4C0E-A171-674B2ABAC738}.Common - Debug|x86.ActiveCfg = Debug|Any CPU
		{E301AB6A-D420-4C0E-A171-674B2ABAC738}.Common - Release|Any CPU.ActiveCfg = Release|Any CPU
		{E301AB6A-D420-4C0E-A171-674B2ABAC738}.Common - Release|Any CPU.Build.0 = Release|Any CPU
		{E301AB6A-D420-4C0E-A171-674B2ABAC738}.Common - Release|Mixed Platforms.ActiveCfg = Release|Any CPU
		{E301AB6A-D420-4C0E-A171-674B2ABAC738}.Common - Release|Mixed Platforms.Build.0 = Release|Any CPU
		{E301AB6A-D420-4C0E-A171-674B2ABAC738}.Common - Release|x64.ActiveCfg = Release|Any CPU
		{E301AB6A-D420-4C0E-A171-674B2ABAC738}.Common - Release|x86.ActiveCfg = Release|Any CPU
		{E301AB6A-D420-4C0E-A171-674B2ABAC738}.CommonDebug|Any CPU.ActiveCfg = Debug|Any CPU
		{E301AB6A-D420-4C0E-A171-674B2ABAC738}.CommonDebug|Any CPU.Build.0 = Debug|Any CPU
		{E301AB6A-D420-4C0E-A171-674B2ABAC738}.CommonDebug|Mixed Platforms.ActiveCfg = Debug|Any CPU
		{E301AB6A-D420-4C0E-A171-674B2ABAC738}.CommonDebug|Mixed Platforms.Build.0 = Debug|Any CPU
		{E301AB6A-D420-4C0E-A171-674B2ABAC738}.CommonDebug|x64.ActiveCfg = Debug|Any CPU
		{E301AB6A-D420-4C0E-A171-674B2ABAC738}.CommonDebug|x86.ActiveCfg = Debug|Any CPU
		{E301AB6A-D420-4C0E-A171-674B2ABAC738}.CommonRelease|Any CPU.ActiveCfg = Release|Any CPU
		{E301AB6A-D420-4C0E-A171-674B2ABAC738}.CommonRelease|Any CPU.Build.0 = Release|Any CPU
		{E301AB6A-D420-4C0E-A171-674B2ABAC738}.CommonRelease|Mixed Platforms.ActiveCfg = Release|Any CPU
		{E301AB6A-D420-4C0E-A171-674B2ABAC738}.CommonRelease|Mixed Platforms.Build.0 = Release|Any CPU
		{E301AB6A-D420-4C0E-A171-674B2ABAC738}.CommonRelease|x64.ActiveCfg = Release|Any CPU
		{E301AB6A-D420-4C0E-A171-674B2ABAC738}.CommonRelease|x86.ActiveCfg = Release|Any CPU
		{E301AB6A-D420-4C0E-A171-674B2ABAC738}.Debug|Any CPU.ActiveCfg = Debug|Any CPU
		{E301AB6A-D420-4C0E-A171-674B2ABAC738}.Debug|Any CPU.Build.0 = Debug|Any CPU
		{E301AB6A-D420-4C0E-A171-674B2ABAC738}.Debug|Mixed Platforms.ActiveCfg = Debug|x86
		{E301AB6A-D420-4C0E-A171-674B2ABAC738}.Debug|Mixed Platforms.Build.0 = Debug|x86
		{E301AB6A-D420-4C0E-A171-674B2ABAC738}.Debug|x64.ActiveCfg = Debug|Any CPU
		{E301AB6A-D420-4C0E-A171-674B2ABAC738}.Debug|x86.ActiveCfg = Debug|x86
		{E301AB6A-D420-4C0E-A171-674B2ABAC738}.Debug|x86.Build.0 = Debug|x86
		{E301AB6A-D420-4C0E-A171-674B2ABAC738}.Release|Any CPU.ActiveCfg = Release|Any CPU
		{E301AB6A-D420-4C0E-A171-674B2ABAC738}.Release|Any CPU.Build.0 = Release|Any CPU
		{E301AB6A-D420-4C0E-A171-674B2ABAC738}.Release|Mixed Platforms.ActiveCfg = Release|x86
		{E301AB6A-D420-4C0E-A171-674B2ABAC738}.Release|Mixed Platforms.Build.0 = Release|x86
		{E301AB6A-D420-4C0E-A171-674B2ABAC738}.Release|x64.ActiveCfg = Release|Any CPU
		{E301AB6A-D420-4C0E-A171-674B2ABAC738}.Release|x86.ActiveCfg = Release|x86
		{E301AB6A-D420-4C0E-A171-674B2ABAC738}.Release|x86.Build.0 = Release|x86
		{76E78EB1-94A0-4580-BAB3-F6125A074B1C}.Common - Debug|Any CPU.ActiveCfg = Debug|Any CPU
		{76E78EB1-94A0-4580-BAB3-F6125A074B1C}.Common - Debug|Any CPU.Build.0 = Debug|Any CPU
		{76E78EB1-94A0-4580-BAB3-F6125A074B1C}.Common - Debug|Mixed Platforms.ActiveCfg = Debug|Any CPU
		{76E78EB1-94A0-4580-BAB3-F6125A074B1C}.Common - Debug|Mixed Platforms.Build.0 = Debug|Any CPU
		{76E78EB1-94A0-4580-BAB3-F6125A074B1C}.Common - Debug|x64.ActiveCfg = Debug|Any CPU
		{76E78EB1-94A0-4580-BAB3-F6125A074B1C}.Common - Debug|x86.ActiveCfg = Debug|Any CPU
		{76E78EB1-94A0-4580-BAB3-F6125A074B1C}.Common - Release|Any CPU.ActiveCfg = Release|Any CPU
		{76E78EB1-94A0-4580-BAB3-F6125A074B1C}.Common - Release|Any CPU.Build.0 = Release|Any CPU
		{76E78EB1-94A0-4580-BAB3-F6125A074B1C}.Common - Release|Mixed Platforms.ActiveCfg = Release|Any CPU
		{76E78EB1-94A0-4580-BAB3-F6125A074B1C}.Common - Release|Mixed Platforms.Build.0 = Release|Any CPU
		{76E78EB1-94A0-4580-BAB3-F6125A074B1C}.Common - Release|x64.ActiveCfg = Release|Any CPU
		{76E78EB1-94A0-4580-BAB3-F6125A074B1C}.Common - Release|x86.ActiveCfg = Release|Any CPU
		{76E78EB1-94A0-4580-BAB3-F6125A074B1C}.CommonDebug|Any CPU.ActiveCfg = Debug|Any CPU
		{76E78EB1-94A0-4580-BAB3-F6125A074B1C}.CommonDebug|Any CPU.Build.0 = Debug|Any CPU
		{76E78EB1-94A0-4580-BAB3-F6125A074B1C}.CommonDebug|Mixed Platforms.ActiveCfg = Debug|Any CPU
		{76E78EB1-94A0-4580-BAB3-F6125A074B1C}.CommonDebug|Mixed Platforms.Build.0 = Debug|Any CPU
		{76E78EB1-94A0-4580-BAB3-F6125A074B1C}.CommonDebug|x64.ActiveCfg = Debug|Any CPU
		{76E78EB1-94A0-4580-BAB3-F6125A074B1C}.CommonDebug|x86.ActiveCfg = Debug|Any CPU
		{76E78EB1-94A0-4580-BAB3-F6125A074B1C}.CommonRelease|Any CPU.ActiveCfg = Release|Any CPU
		{76E78EB1-94A0-4580-BAB3-F6125A074B1C}.CommonRelease|Any CPU.Build.0 = Release|Any CPU
		{76E78EB1-94A0-4580-BAB3-F6125A074B1C}.CommonRelease|Mixed Platforms.ActiveCfg = Release|Any CPU
		{76E78EB1-94A0-4580-BAB3-F6125A074B1C}.CommonRelease|Mixed Platforms.Build.0 = Release|Any CPU
		{76E78EB1-94A0-4580-BAB3-F6125A074B1C}.CommonRelease|x64.ActiveCfg = Release|Any CPU
		{76E78EB1-94A0-4580-BAB3-F6125A074B1C}.CommonRelease|x86.ActiveCfg = Release|Any CPU
		{76E78EB1-94A0-4580-BAB3-F6125A074B1C}.Debug|Any CPU.ActiveCfg = Debug|Any CPU
		{76E78EB1-94A0-4580-BAB3-F6125A074B1C}.Debug|Any CPU.Build.0 = Debug|Any CPU
		{76E78EB1-94A0-4580-BAB3-F6125A074B1C}.Debug|Mixed Platforms.ActiveCfg = Debug|x86
		{76E78EB1-94A0-4580-BAB3-F6125A074B1C}.Debug|Mixed Platforms.Build.0 = Debug|x86
		{76E78EB1-94A0-4580-BAB3-F6125A074B1C}.Debug|x64.ActiveCfg = Debug|Any CPU
		{76E78EB1-94A0-4580-BAB3-F6125A074B1C}.Debug|x86.ActiveCfg = Debug|x86
		{76E78EB1-94A0-4580-BAB3-F6125A074B1C}.Debug|x86.Build.0 = Debug|x86
		{76E78EB1-94A0-4580-BAB3-F6125A074B1C}.Release|Any CPU.ActiveCfg = Release|Any CPU
		{76E78EB1-94A0-4580-BAB3-F6125A074B1C}.Release|Any CPU.Build.0 = Release|Any CPU
		{76E78EB1-94A0-4580-BAB3-F6125A074B1C}.Release|Mixed Platforms.ActiveCfg = Release|x86
		{76E78EB1-94A0-4580-BAB3-F6125A074B1C}.Release|Mixed Platforms.Build.0 = Release|x86
		{76E78EB1-94A0-4580-BAB3-F6125A074B1C}.Release|x64.ActiveCfg = Release|Any CPU
		{76E78EB1-94A0-4580-BAB3-F6125A074B1C}.Release|x86.ActiveCfg = Release|x86
		{76E78EB1-94A0-4580-BAB3-F6125A074B1C}.Release|x86.Build.0 = Release|x86
		{FDBA7976-0D65-4314-8DD1-7EB3BED142F8}.Common - Debug|Any CPU.ActiveCfg = Debug|x86
		{FDBA7976-0D65-4314-8DD1-7EB3BED142F8}.Common - Debug|Mixed Platforms.ActiveCfg = Debug|x86
		{FDBA7976-0D65-4314-8DD1-7EB3BED142F8}.Common - Debug|Mixed Platforms.Build.0 = Debug|x86
		{FDBA7976-0D65-4314-8DD1-7EB3BED142F8}.Common - Debug|x64.ActiveCfg = Debug|x86
		{FDBA7976-0D65-4314-8DD1-7EB3BED142F8}.Common - Debug|x86.ActiveCfg = Debug|x86
		{FDBA7976-0D65-4314-8DD1-7EB3BED142F8}.Common - Debug|x86.Build.0 = Debug|x86
		{FDBA7976-0D65-4314-8DD1-7EB3BED142F8}.Common - Release|Any CPU.ActiveCfg = Release|x86
		{FDBA7976-0D65-4314-8DD1-7EB3BED142F8}.Common - Release|Mixed Platforms.ActiveCfg = Release|x86
		{FDBA7976-0D65-4314-8DD1-7EB3BED142F8}.Common - Release|Mixed Platforms.Build.0 = Release|x86
		{FDBA7976-0D65-4314-8DD1-7EB3BED142F8}.Common - Release|x64.ActiveCfg = Release|x86
		{FDBA7976-0D65-4314-8DD1-7EB3BED142F8}.Common - Release|x86.ActiveCfg = Release|x86
		{FDBA7976-0D65-4314-8DD1-7EB3BED142F8}.Common - Release|x86.Build.0 = Release|x86
		{FDBA7976-0D65-4314-8DD1-7EB3BED142F8}.CommonDebug|Any CPU.ActiveCfg = Debug|x86
		{FDBA7976-0D65-4314-8DD1-7EB3BED142F8}.CommonDebug|Mixed Platforms.ActiveCfg = Debug|x86
		{FDBA7976-0D65-4314-8DD1-7EB3BED142F8}.CommonDebug|Mixed Platforms.Build.0 = Debug|x86
		{FDBA7976-0D65-4314-8DD1-7EB3BED142F8}.CommonDebug|x64.ActiveCfg = Debug|x86
		{FDBA7976-0D65-4314-8DD1-7EB3BED142F8}.CommonDebug|x86.ActiveCfg = Debug|x86
		{FDBA7976-0D65-4314-8DD1-7EB3BED142F8}.CommonDebug|x86.Build.0 = Debug|x86
		{FDBA7976-0D65-4314-8DD1-7EB3BED142F8}.CommonRelease|Any CPU.ActiveCfg = Release|x86
		{FDBA7976-0D65-4314-8DD1-7EB3BED142F8}.CommonRelease|Mixed Platforms.ActiveCfg = Release|x86
		{FDBA7976-0D65-4314-8DD1-7EB3BED142F8}.CommonRelease|Mixed Platforms.Build.0 = Release|x86
		{FDBA7976-0D65-4314-8DD1-7EB3BED142F8}.CommonRelease|x64.ActiveCfg = Release|x86
		{FDBA7976-0D65-4314-8DD1-7EB3BED142F8}.CommonRelease|x86.ActiveCfg = Release|x86
		{FDBA7976-0D65-4314-8DD1-7EB3BED142F8}.CommonRelease|x86.Build.0 = Release|x86
		{FDBA7976-0D65-4314-8DD1-7EB3BED142F8}.Debug|Any CPU.ActiveCfg = Debug|x86
		{FDBA7976-0D65-4314-8DD1-7EB3BED142F8}.Debug|Mixed Platforms.ActiveCfg = Debug|x86
		{FDBA7976-0D65-4314-8DD1-7EB3BED142F8}.Debug|Mixed Platforms.Build.0 = Debug|x86
		{FDBA7976-0D65-4314-8DD1-7EB3BED142F8}.Debug|x64.ActiveCfg = Debug|x86
		{FDBA7976-0D65-4314-8DD1-7EB3BED142F8}.Debug|x86.ActiveCfg = Debug|x86
		{FDBA7976-0D65-4314-8DD1-7EB3BED142F8}.Debug|x86.Build.0 = Debug|x86
		{FDBA7976-0D65-4314-8DD1-7EB3BED142F8}.Release|Any CPU.ActiveCfg = Release|x86
		{FDBA7976-0D65-4314-8DD1-7EB3BED142F8}.Release|Mixed Platforms.ActiveCfg = Release|x86
		{FDBA7976-0D65-4314-8DD1-7EB3BED142F8}.Release|Mixed Platforms.Build.0 = Release|x86
		{FDBA7976-0D65-4314-8DD1-7EB3BED142F8}.Release|x64.ActiveCfg = Release|x86
		{FDBA7976-0D65-4314-8DD1-7EB3BED142F8}.Release|x86.ActiveCfg = Release|x86
		{FDBA7976-0D65-4314-8DD1-7EB3BED142F8}.Release|x86.Build.0 = Release|x86
	EndGlobalSection
	GlobalSection(SolutionProperties) = preSolution
		HideSolutionNode = FALSE
	EndGlobalSection
	GlobalSection(NestedProjects) = preSolution
		{7A7A8F27-FCCC-46C5-A1BF-AE77624199AC} = {79CFA5D2-8FFD-4823-8661-1EB07442DD9F}
		{E301AB6A-D420-4C0E-A171-674B2ABAC738} = {79CFA5D2-8FFD-4823-8661-1EB07442DD9F}
		{FE916264-3E31-433B-B458-048342150DFE} = {A36B1556-7628-4CE1-9D66-790C29E1D373}
		{76E78EB1-94A0-4580-BAB3-F6125A074B1C} = {A36B1556-7628-4CE1-9D66-790C29E1D373}
		{8B124972-BD88-4366-9E87-49B487EEC65E} = {31E0D829-65E5-4BE2-AE56-6B0EFFA04CDB}
		{0AEC5C54-32AA-464D-BE24-7FF7D8A5250A} = {240B23E7-5E4F-4218-AA2B-E48425A1B560}
		{23AA8040-BE4B-41F8-927F-D3832F8E02D2} = {9925B38E-06DE-4417-A6BB-1FEA70C261EB}
		{46E5DD5B-8F18-494E-8371-51D389AB0B5E} = {8A7AB3B1-58EB-442E-8116-CB90A5E0721A}
		{D2F5D618-A5DE-443C-88E4-12AC12ADA3F9} = {8A7AB3B1-58EB-442E-8116-CB90A5E0721A}
		{CA7E7C36-CC24-4EC6-943F-4FA1EF3F3DB6} = {8A7AB3B1-58EB-442E-8116-CB90A5E0721A}
		{59226035-1D22-41D8-8748-AD008239A4E9} = {8A7AB3B1-58EB-442E-8116-CB90A5E0721A}
		{1BD2F8A6-5D8D-4446-8265-D1260ED0913D} = {8A7AB3B1-58EB-442E-8116-CB90A5E0721A}
		{0608E0BE-97A0-4F3E-8CB4-0924100EB427} = {8A7AB3B1-58EB-442E-8116-CB90A5E0721A}
		{F31CE404-6FA0-4A8D-9A3B-C391B26FDE1E} = {8A7AB3B1-58EB-442E-8116-CB90A5E0721A}
		{FDBA7976-0D65-4314-8DD1-7EB3BED142F8} = {8A7AB3B1-58EB-442E-8116-CB90A5E0721A}
		{76730532-DBCE-4000-BA96-657E001D41BD} = {A9661852-4FEA-4444-BDDF-30BB6915BD2A}
	EndGlobalSection
EndGlobal
